
Microsoft Visual Studio Solution File, Format Version 12.00
# Visual Studio 15
VisualStudioVersion = 15.0.26403.7
MinimumVisualStudioVersion = 10.0.40219.1
Project("{9A19103F-16F7-4668-BE54-9A1E7A4F7556}") = "DipDistribute", "DipDistribute\DipDistribute.csproj", "{9654040C-9BA4-4D4D-8A66-37FFB4D969F0}"
EndProject
Global
	GlobalSection(SolutionConfigurationPlatforms) = preSolution
		Debug|Any CPU = Debug|Any CPU
		Release|Any CPU = Release|Any CPU
	EndGlobalSection
	GlobalSection(ProjectConfigurationPlatforms) = postSolution
		{9654040C-9BA4-4D4D-8A66-37FFB4D969F0}.Debug|Any CPU.ActiveCfg = Debug|Any CPU
		{9654040C-9BA4-4D4D-8A66-37FFB4D969F0}.Debug|Any CPU.Build.0 = Debug|Any CPU
		{9654040C-9BA4-4D4D-8A66-37FFB4D969F0}.Release|Any CPU.ActiveCfg = Release|Any CPU
		{9654040C-9BA4-4D4D-8A66-37FFB4D969F0}.Release|Any CPU.Build.0 = Release|Any CPU
	EndGlobalSection
	GlobalSection(SolutionProperties) = preSolution
		HideSolutionNode = FALSE
	EndGlobalSection
EndGlobal
