
Microsoft Visual Studio Solution File, Format Version 12.00
# Visual Studio 15
VisualStudioVersion = 15.0.26403.7
MinimumVisualStudioVersion = 10.0.40219.1
Project("{9A19103F-16F7-4668-BE54-9A1E7A4F7556}") = "DipDistributor", "DipDistributor\DipDistributor.csproj", "{EB13A3F2-10C3-42E0-BC4E-BF304A7BB363}"
EndProject
Project("{9A19103F-16F7-4668-BE54-9A1E7A4F7556}") = "DipDistributorWebApi", "DipDistributorWebApi\DipDistributorWebApi.csproj", "{B50ACAEF-926E-4944-B7DD-361E3E2D2CAF}"
EndProject
Project("{9A19103F-16F7-4668-BE54-9A1E7A4F7556}") = "DipRunner", "DipRunner\DipRunner.csproj", "{0C9D25C8-FBD9-46ED-A92E-A30AA880625D}"
EndProject
Global
	GlobalSection(SolutionConfigurationPlatforms) = preSolution
		Debug|Any CPU = Debug|Any CPU
		Release|Any CPU = Release|Any CPU
	EndGlobalSection
	GlobalSection(ProjectConfigurationPlatforms) = postSolution
		{EB13A3F2-10C3-42E0-BC4E-BF304A7BB363}.Debug|Any CPU.ActiveCfg = Debug|Any CPU
		{EB13A3F2-10C3-42E0-BC4E-BF304A7BB363}.Debug|Any CPU.Build.0 = Debug|Any CPU
		{EB13A3F2-10C3-42E0-BC4E-BF304A7BB363}.Release|Any CPU.ActiveCfg = Release|Any CPU
		{EB13A3F2-10C3-42E0-BC4E-BF304A7BB363}.Release|Any CPU.Build.0 = Release|Any CPU
		{B50ACAEF-926E-4944-B7DD-361E3E2D2CAF}.Debug|Any CPU.ActiveCfg = Debug|Any CPU
		{B50ACAEF-926E-4944-B7DD-361E3E2D2CAF}.Debug|Any CPU.Build.0 = Debug|Any CPU
		{B50ACAEF-926E-4944-B7DD-361E3E2D2CAF}.Release|Any CPU.ActiveCfg = Release|Any CPU
		{B50ACAEF-926E-4944-B7DD-361E3E2D2CAF}.Release|Any CPU.Build.0 = Release|Any CPU
		{0C9D25C8-FBD9-46ED-A92E-A30AA880625D}.Debug|Any CPU.ActiveCfg = Debug|Any CPU
		{0C9D25C8-FBD9-46ED-A92E-A30AA880625D}.Debug|Any CPU.Build.0 = Debug|Any CPU
		{0C9D25C8-FBD9-46ED-A92E-A30AA880625D}.Release|Any CPU.ActiveCfg = Release|Any CPU
		{0C9D25C8-FBD9-46ED-A92E-A30AA880625D}.Release|Any CPU.Build.0 = Release|Any CPU
	EndGlobalSection
	GlobalSection(SolutionProperties) = preSolution
		HideSolutionNode = FALSE
	EndGlobalSection
EndGlobal
