
Microsoft Visual Studio Solution File, Format Version 12.00
# Visual Studio 15
VisualStudioVersion = 15.0.27004.2008
MinimumVisualStudioVersion = 10.0.40219.1
Project("{9A19103F-16F7-4668-BE54-9A1E7A4F7556}") = "DipExecutor", "src\DipExecutor\DipExecutor.csproj", "{5D614916-87FD-47EC-994E-1CF065040270}"
EndProject
Project("{9A19103F-16F7-4668-BE54-9A1E7A4F7556}") = "DipExecutor.Test", "tests\DipExecutor.Test\DipExecutor.Test.csproj", "{F5B646F7-C242-426C-A35A-23D264C01638}"
EndProject
Project("{9A19103F-16F7-4668-BE54-9A1E7A4F7556}") = "DipRunner", "src\DipRunner\DipRunner.csproj", "{112D6331-650A-40C9-AE2D-0D3019EC1C71}"
EndProject
Project("{9A19103F-16F7-4668-BE54-9A1E7A4F7556}") = "DipRunner.Test", "tests\DipRunner.Test\DipRunner.Test.csproj", "{55D03B6C-3070-479A-8FBA-FAD0C8B6F4FC}"
EndProject
Project("{9A19103F-16F7-4668-BE54-9A1E7A4F7556}") = "ExecutorHost", "src\ExecutorHost\ExecutorHost.csproj", "{32BE307D-297A-4182-932B-D80F73B3BAF3}"
EndProject
Global
	GlobalSection(SolutionConfigurationPlatforms) = preSolution
		Debug|Any CPU = Debug|Any CPU
		Release|Any CPU = Release|Any CPU
	EndGlobalSection
	GlobalSection(ProjectConfigurationPlatforms) = postSolution
		{5D614916-87FD-47EC-994E-1CF065040270}.Debug|Any CPU.ActiveCfg = Debug|Any CPU
		{5D614916-87FD-47EC-994E-1CF065040270}.Debug|Any CPU.Build.0 = Debug|Any CPU
		{5D614916-87FD-47EC-994E-1CF065040270}.Release|Any CPU.ActiveCfg = Release|Any CPU
		{5D614916-87FD-47EC-994E-1CF065040270}.Release|Any CPU.Build.0 = Release|Any CPU
		{F5B646F7-C242-426C-A35A-23D264C01638}.Debug|Any CPU.ActiveCfg = Debug|Any CPU
		{F5B646F7-C242-426C-A35A-23D264C01638}.Debug|Any CPU.Build.0 = Debug|Any CPU
		{F5B646F7-C242-426C-A35A-23D264C01638}.Release|Any CPU.ActiveCfg = Release|Any CPU
		{F5B646F7-C242-426C-A35A-23D264C01638}.Release|Any CPU.Build.0 = Release|Any CPU
		{112D6331-650A-40C9-AE2D-0D3019EC1C71}.Debug|Any CPU.ActiveCfg = Debug|Any CPU
		{112D6331-650A-40C9-AE2D-0D3019EC1C71}.Debug|Any CPU.Build.0 = Debug|Any CPU
		{112D6331-650A-40C9-AE2D-0D3019EC1C71}.Release|Any CPU.ActiveCfg = Release|Any CPU
		{112D6331-650A-40C9-AE2D-0D3019EC1C71}.Release|Any CPU.Build.0 = Release|Any CPU
		{55D03B6C-3070-479A-8FBA-FAD0C8B6F4FC}.Debug|Any CPU.ActiveCfg = Debug|Any CPU
		{55D03B6C-3070-479A-8FBA-FAD0C8B6F4FC}.Debug|Any CPU.Build.0 = Debug|Any CPU
		{55D03B6C-3070-479A-8FBA-FAD0C8B6F4FC}.Release|Any CPU.ActiveCfg = Release|Any CPU
		{55D03B6C-3070-479A-8FBA-FAD0C8B6F4FC}.Release|Any CPU.Build.0 = Release|Any CPU
		{32BE307D-297A-4182-932B-D80F73B3BAF3}.Debug|Any CPU.ActiveCfg = Debug|Any CPU
		{32BE307D-297A-4182-932B-D80F73B3BAF3}.Debug|Any CPU.Build.0 = Debug|Any CPU
		{32BE307D-297A-4182-932B-D80F73B3BAF3}.Release|Any CPU.ActiveCfg = Release|Any CPU
		{32BE307D-297A-4182-932B-D80F73B3BAF3}.Release|Any CPU.Build.0 = Release|Any CPU
	EndGlobalSection
	GlobalSection(SolutionProperties) = preSolution
		HideSolutionNode = FALSE
	EndGlobalSection
	GlobalSection(ExtensibilityGlobals) = postSolution
		SolutionGuid = {CBAE2B62-82EA-40B0-BF0C-9B2B352726E6}
	EndGlobalSection
EndGlobal
