
Microsoft Visual Studio Solution File, Format Version 12.00
# Visual Studio 15
VisualStudioVersion = 15.0.27004.2008
MinimumVisualStudioVersion = 10.0.40219.1
Project("{9A19103F-16F7-4668-BE54-9A1E7A4F7556}") = "DipExecutor", "src\DipExecutor\DipExecutor.csproj", "{5D614916-87FD-47EC-994E-1CF065040270}"
EndProject
Project("{9A19103F-16F7-4668-BE54-9A1E7A4F7556}") = "ConsoleHost", "src\ConsoleHost\ConsoleHost.csproj", "{5C7C2EB2-80EC-4683-9B7C-F7E7AFDEEB55}"
EndProject
Project("{9A19103F-16F7-4668-BE54-9A1E7A4F7556}") = "DipRunner", "src\DipRunner\DipRunner.csproj", "{13D29804-1397-4128-BCAE-F2A073DE7318}"
EndProject
Project("{9A19103F-16F7-4668-BE54-9A1E7A4F7556}") = "DipExecutor.Test", "tests\DipExecutor.Test\DipExecutor.Test.csproj", "{F5B646F7-C242-426C-A35A-23D264C01638}"
EndProject
Project("{9A19103F-16F7-4668-BE54-9A1E7A4F7556}") = "DipRunner.Test", "tests\DipRunner.Test\DipRunner.Test.csproj", "{765CCAC3-1D14-4650-A8E9-0BDF9555D06C}"
EndProject
Global
	GlobalSection(SolutionConfigurationPlatforms) = preSolution
		Debug|Any CPU = Debug|Any CPU
		Release|Any CPU = Release|Any CPU
	EndGlobalSection
	GlobalSection(ProjectConfigurationPlatforms) = postSolution
		{5D614916-87FD-47EC-994E-1CF065040270}.Debug|Any CPU.ActiveCfg = Debug|Any CPU
		{5D614916-87FD-47EC-994E-1CF065040270}.Debug|Any CPU.Build.0 = Debug|Any CPU
		{5D614916-87FD-47EC-994E-1CF065040270}.Release|Any CPU.ActiveCfg = Release|Any CPU
		{5D614916-87FD-47EC-994E-1CF065040270}.Release|Any CPU.Build.0 = Release|Any CPU
		{5C7C2EB2-80EC-4683-9B7C-F7E7AFDEEB55}.Debug|Any CPU.ActiveCfg = Debug|Any CPU
		{5C7C2EB2-80EC-4683-9B7C-F7E7AFDEEB55}.Debug|Any CPU.Build.0 = Debug|Any CPU
		{5C7C2EB2-80EC-4683-9B7C-F7E7AFDEEB55}.Release|Any CPU.ActiveCfg = Release|Any CPU
		{5C7C2EB2-80EC-4683-9B7C-F7E7AFDEEB55}.Release|Any CPU.Build.0 = Release|Any CPU
		{13D29804-1397-4128-BCAE-F2A073DE7318}.Debug|Any CPU.ActiveCfg = Debug|Any CPU
		{13D29804-1397-4128-BCAE-F2A073DE7318}.Debug|Any CPU.Build.0 = Debug|Any CPU
		{13D29804-1397-4128-BCAE-F2A073DE7318}.Release|Any CPU.ActiveCfg = Release|Any CPU
		{13D29804-1397-4128-BCAE-F2A073DE7318}.Release|Any CPU.Build.0 = Release|Any CPU
		{F5B646F7-C242-426C-A35A-23D264C01638}.Debug|Any CPU.ActiveCfg = Debug|Any CPU
		{F5B646F7-C242-426C-A35A-23D264C01638}.Debug|Any CPU.Build.0 = Debug|Any CPU
		{F5B646F7-C242-426C-A35A-23D264C01638}.Release|Any CPU.ActiveCfg = Release|Any CPU
		{F5B646F7-C242-426C-A35A-23D264C01638}.Release|Any CPU.Build.0 = Release|Any CPU
		{765CCAC3-1D14-4650-A8E9-0BDF9555D06C}.Debug|Any CPU.ActiveCfg = Debug|Any CPU
		{765CCAC3-1D14-4650-A8E9-0BDF9555D06C}.Debug|Any CPU.Build.0 = Debug|Any CPU
		{765CCAC3-1D14-4650-A8E9-0BDF9555D06C}.Release|Any CPU.ActiveCfg = Release|Any CPU
		{765CCAC3-1D14-4650-A8E9-0BDF9555D06C}.Release|Any CPU.Build.0 = Release|Any CPU
	EndGlobalSection
	GlobalSection(SolutionProperties) = preSolution
		HideSolutionNode = FALSE
	EndGlobalSection
	GlobalSection(ExtensibilityGlobals) = postSolution
		SolutionGuid = {CBAE2B62-82EA-40B0-BF0C-9B2B352726E6}
	EndGlobalSection
EndGlobal
