
Microsoft Visual Studio Solution File, Format Version 12.00
# Visual Studio 15
VisualStudioVersion = 15.0.27004.2008
MinimumVisualStudioVersion = 10.0.40219.1
Project("{9A19103F-16F7-4668-BE54-9A1E7A4F7556}") = "DipRunner.Test", "tests\DipRunner.Test\DipRunner.Test.csproj", "{765CCAC3-1D14-4650-A8E9-0BDF9555D06C}"
EndProject
Project("{9A19103F-16F7-4668-BE54-9A1E7A4F7556}") = "DipRunner", "src\DipRunner\DipRunner.csproj", "{065B5F45-DB1C-4E80-BFCB-344DCC86A4FE}"
EndProject
Global
	GlobalSection(SolutionConfigurationPlatforms) = preSolution
		Debug|Any CPU = Debug|Any CPU
		Release|Any CPU = Release|Any CPU
	EndGlobalSection
	GlobalSection(ProjectConfigurationPlatforms) = postSolution
		{765CCAC3-1D14-4650-A8E9-0BDF9555D06C}.Debug|Any CPU.ActiveCfg = Debug|Any CPU
		{765CCAC3-1D14-4650-A8E9-0BDF9555D06C}.Debug|Any CPU.Build.0 = Debug|Any CPU
		{765CCAC3-1D14-4650-A8E9-0BDF9555D06C}.Release|Any CPU.ActiveCfg = Release|Any CPU
		{765CCAC3-1D14-4650-A8E9-0BDF9555D06C}.Release|Any CPU.Build.0 = Release|Any CPU
		{065B5F45-DB1C-4E80-BFCB-344DCC86A4FE}.Debug|Any CPU.ActiveCfg = Debug|Any CPU
		{065B5F45-DB1C-4E80-BFCB-344DCC86A4FE}.Debug|Any CPU.Build.0 = Debug|Any CPU
		{065B5F45-DB1C-4E80-BFCB-344DCC86A4FE}.Release|Any CPU.ActiveCfg = Release|Any CPU
		{065B5F45-DB1C-4E80-BFCB-344DCC86A4FE}.Release|Any CPU.Build.0 = Release|Any CPU
	EndGlobalSection
	GlobalSection(SolutionProperties) = preSolution
		HideSolutionNode = FALSE
	EndGlobalSection
	GlobalSection(ExtensibilityGlobals) = postSolution
		SolutionGuid = {CBAE2B62-82EA-40B0-BF0C-9B2B352726E6}
	EndGlobalSection
EndGlobal
